github.com/01-edu/go-tests v0.0.0-20240731140844-c20fcf057294 h1:I0EcQV85TL9FtNG2XODXKzq/yAd07mwjZSV4wLPCw+A=
github.com/01-edu/go-tests v0.0.0-20240731140844-c20fcf057294/go.mod h1:IYzuZWohzjAyod6PZ/oOxLeUFhf9yb361OVWWUqSgyM=
github.com/01-edu/z01 v0.1.0 h1:Rr1p92CKYXUgVFw872iGDABXpdkuKf2jmS+KV6r1034=
github.com/01-edu/z01 v0.1.0/go.mod h1:BH7t35JaNFuP83rTJDc5nkSfgmC/HYVcJsUcdFqYZNo=
github.com/jackc/pgx v3.6.2+incompatible h1:2zP5OD7kiyR3xzRYMhOcXVvkDZsImVXfj+yIyTQf3/o=
github.com/jackc/pgx v3.6.2+incompatible/go.mod h1:0ZGrqGqkRlliWnWB4zKnWtjbSWbGkVEFm4TeybAXq+I=
github.com/mattn/go-sqlite3 v1.14.24 h1:tpSp2G2KyMnnQu99ngJ47EIkWVmliIizyZBfPrBWDRM=
github.com/mattn/go-sqlite3 v1.14.24/go.mod h1:Uh1q+B4BYcTPb+yiD3kU8Ct7aC0hY9fxUwlHK0RXw+Y=
github.com/pkg/errors v0.9.1 h1:FEBLx1zS214owpjy7qsBeixbURkuhQAwrK5UwLGTwt4=
github.com/pkg/errors v0.9.1/go.mod h1:bwawxfHBFNV+L2hUp1rHADufV3IMtnDRdf1r5NINEl0=
golang.org/x/crypto v0.32.0 h1:euUpcYgM8WcP71gNpTqQCn6rC2t6ULUPiOzfWaXVVfc=
golang.org/x/crypto v0.32.0/go.mod h1:ZnnJkOaASj8g0AjIduWNlq2NRxL0PlBrbKVyZ6V/Ugc=
golang.org/x/text v0.21.0 h1:zyQAAkrwaneQ066sspRyJaG9VNi/YJ1NfzcGB3hZ/qo=
golang.org/x/text v0.21.0/go.mod h1:4IBbMaMmOPCJ8SecivzSH54+73PCFmPWxNTLm+vZkEQ=
